
Microsoft Visual Studio Solution File, Format Version 12.00
# Visual Studio Version 16
VisualStudioVersion = 16.0.29905.134
MinimumVisualStudioVersion = 10.0.40219.1
Project("{FAE04EC0-301F-11D3-BF4B-00C04F79EFBC}") = "empresa constructora", "empresa constructora\empresa constructora.csproj", "{3DF9FCA5-C21C-4EFD-A25B-FC1F84FB89E6}"
EndProject
Global
	GlobalSection(SolutionConfigurationPlatforms) = preSolution
		Debug|Any CPU = Debug|Any CPU
		Release|Any CPU = Release|Any CPU
	EndGlobalSection
	GlobalSection(ProjectConfigurationPlatforms) = postSolution
		{3DF9FCA5-C21C-4EFD-A25B-FC1F84FB89E6}.Debug|Any CPU.ActiveCfg = Debug|Any CPU
		{3DF9FCA5-C21C-4EFD-A25B-FC1F84FB89E6}.Debug|Any CPU.Build.0 = Debug|Any CPU
		{3DF9FCA5-C21C-4EFD-A25B-FC1F84FB89E6}.Release|Any CPU.ActiveCfg = Release|Any CPU
		{3DF9FCA5-C21C-4EFD-A25B-FC1F84FB89E6}.Release|Any CPU.Build.0 = Release|Any CPU
	EndGlobalSection
	GlobalSection(SolutionProperties) = preSolution
		HideSolutionNode = FALSE
	EndGlobalSection
	GlobalSection(ExtensibilityGlobals) = postSolution
		SolutionGuid = {786B1BF5-8382-49FF-B11C-0E67E0462338}
	EndGlobalSection
EndGlobal
